// !$*UTF8*$!
{
	archiveVersion = 1;
	classes = {
	};
	objectVersion = 77;
	objects = {

/* Begin PBXContainerItemProxy section */
		7AC4DFFB2F18ABA20090CCA9 /* PBXContainerItemProxy */ = {
			isa = PBXContainerItemProxy;
			containerPortal = 7AC4DFDC2F18ABA00090CCA9 /* Project object */;
			proxyType = 1;
			remoteGlobalIDString = 7AC4DFE32F18ABA00090CCA9;
			remoteInfo = "Menu Bars";
		};
		7AC4E0052F18ABA20090CCA9 /* PBXContainerItemProxy */ = {
			isa = PBXContainerItemProxy;
			containerPortal = 7AC4DFDC2F18ABA00090CCA9 /* Project object */;
			proxyType = 1;
			remoteGlobalIDString = 7AC4DFE32F18ABA00090CCA9;
			remoteInfo = "Menu Bars";
		};
/* End PBXContainerItemProxy section */

/* Begin PBXFileReference section */
		7AC4DFE42F18ABA00090CCA9 /* Menu Bars.app */ = {isa = PBXFileReference; explicitFileType = wrapper.application; includeInIndex = 0; path = "Menu Bars.app"; sourceTree = BUILT_PRODUCTS_DIR; };
		7AC4DFFA2F18ABA20090CCA9 /* Menu BarsTests.xctest */ = {isa = PBXFileReference; explicitFileType = wrapper.cfbundle; includeInIndex = 0; path = "Menu BarsTests.xctest"; sourceTree = BUILT_PRODUCTS_DIR; };
		7AC4E0042F18ABA20090CCA9 /* Menu BarsUITests.xctest */ = {isa = PBXFileReference; explicitFileType = wrapper.cfbundle; includeInIndex = 0; path = "Menu BarsUITests.xctest"; sourceTree = BUILT_PRODUCTS_DIR; };
/* End PBXFileReference section */

/* Begin PBXFileSystemSynchronizedBuildFileExceptionSet section */
		7AC4E00C2F18ABA20090CCA9 /* Exceptions for "Menu Bars" folder in "Menu Bars" target */ = {
			isa = PBXFileSystemSynchronizedBuildFileExceptionSet;
			membershipExceptions = (
				Info.plist,
			);
			target = 7AC4DFE32F18ABA00090CCA9 /* Menu Bars */;
		};
/* End PBXFileSystemSynchronizedBuildFileExceptionSet section */

/* Begin PBXFileSystemSynchronizedRootGroup section */
		7AC4DFE62F18ABA00090CCA9 /* Menu Bars */ = {
			isa = PBXFileSystemSynchronizedRootGroup;
			exceptions = (
				7AC4E00C2F18ABA20090CCA9 /* Exceptions for "Menu Bars" folder in "Menu Bars" target */,
			);
			path = "Menu Bars";
			sourceTree = "<group>";
		};
		7AC4DFFD2F18ABA20090CCA9 /* Menu BarsTests */ = {
			isa = PBXFileSystemSynchronizedRootGroup;
			path = "Menu BarsTests";
			sourceTree = "<group>";
		};
		7AC4E0072F18ABA20090CCA9 /* Menu BarsUITests */ = {
			isa = PBXFileSystemSynchronizedRootGroup;
			path = "Menu BarsUITests";
			sourceTree = "<group>";
		};
/* End PBXFileSystemSynchronizedRootGroup section */

/* Begin PBXFrameworksBuildPhase section */
		7AC4DFE12F18ABA00090CCA9 /* Frameworks */ = {
			isa = PBXFrameworksBuildPhase;
			buildActionMask = 2147483647;
			files = (
			);
			runOnlyForDeploymentPostprocessing = 0;
		};
		7AC4DFF72F18ABA20090CCA9 /* Frameworks */ = {
			isa = PBXFrameworksBuildPhase;
			buildActionMask = 2147483647;
			files = (
			);
			runOnlyForDeploymentPostprocessing = 0;
		};
		7AC4E0012F18ABA20090CCA9 /* Frameworks */ = {
			isa = PBXFrameworksBuildPhase;
			buildActionMask = 2147483647;
			files = (
			);
			runOnlyForDeploymentPostprocessing = 0;
		};
/* End PBXFrameworksBuildPhase section */

/* Begin PBXGroup section */
		7AC4DFDB2F18ABA00090CCA9 = {
			isa = PBXGroup;
			children = (
				7AC4DFE62F18ABA00090CCA9 /* Menu Bars */,
				7AC4DFFD2F18ABA20090CCA9 /* Menu BarsTests */,
				7AC4E0072F18ABA20090CCA9 /* Menu BarsUITests */,
				7AC4DFE52F18ABA00090CCA9 /* Products */,
			);
			sourceTree = "<group>";
		};
		7AC4DFE52F18ABA00090CCA9 /* Products */ = {
			isa = PBXGroup;
			children = (
				7AC4DFE42F18ABA00090CCA9 /* Menu Bars.app */,
				7AC4DFFA2F18ABA20090CCA9 /* Menu BarsTests.xctest */,
				7AC4E0042F18ABA20090CCA9 /* Menu BarsUITests.xctest */,
			);
			name = Products;
			sourceTree = "<group>";
		};
/* End PBXGroup section */

/* Begin PBXNativeTarget section */
		7AC4DFE32F18ABA00090CCA9 /* Menu Bars */ = {
			isa = PBXNativeTarget;
			buildConfigurationList = 7AC4E00D2F18ABA20090CCA9 /* Build configuration list for PBXNativeTarget "Menu Bars" */;
			buildPhases = (
				7AC4DFE02F18ABA00090CCA9 /* Sources */,
				7AC4DFE12F18ABA00090CCA9 /* Frameworks */,
				7AC4DFE22F18ABA00090CCA9 /* Resources */,
			);
			buildRules = (
			);
			dependencies = (
			);
			fileSystemSynchronizedGroups = (
				7AC4DFE62F18ABA00090CCA9 /* Menu Bars */,
			);
			name = "Menu Bars";
			packageProductDependencies = (
			);
			productName = "Menu Bars";
			productReference = 7AC4DFE42F18ABA00090CCA9 /* Menu Bars.app */;
			productType = "com.apple.product-type.application";
		};
		7AC4DFF92F18ABA20090CCA9 /* Menu BarsTests */ = {
			isa = PBXNativeTarget;
			buildConfigurationList = 7AC4E0122F18ABA20090CCA9 /* Build configuration list for PBXNativeTarget "Menu BarsTests" */;
			buildPhases = (
				7AC4DFF62F18ABA20090CCA9 /* Sources */,
				7AC4DFF72F18ABA20090CCA9 /* Frameworks */,
				7AC4DFF82F18ABA20090CCA9 /* Resources */,
			);
			buildRules = (
			);
			dependencies = (
				7AC4DFFC2F18ABA20090CCA9 /* PBXTargetDependency */,
			);
			fileSystemSynchronizedGroups = (
				7AC4DFFD2F18ABA20090CCA9 /* Menu BarsTests */,
			);
			name = "Menu BarsTests";
			packageProductDependencies = (
			);
			productName = "Menu BarsTests";
			productReference = 7AC4DFFA2F18ABA20090CCA9 /* Menu BarsTests.xctest */;
			productType = "com.apple.product-type.bundle.unit-test";
		};
		7AC4E0032F18ABA20090CCA9 /* Menu BarsUITests */ = {
			isa = PBXNativeTarget;
			buildConfigurationList = 7AC4E0152F18ABA20090CCA9 /* Build configuration list for PBXNativeTarget "Menu BarsUITests" */;
			buildPhases = (
				7AC4E0002F18ABA20090CCA9 /* Sources */,
				7AC4E0012F18ABA20090CCA9 /* Frameworks */,
				7AC4E0022F18ABA20090CCA9 /* Resources */,
			);
			buildRules = (
			);
			dependencies = (
				7AC4E0062F18ABA20090CCA9 /* PBXTargetDependency */,
			);
			fileSystemSynchronizedGroups = (
				7AC4E0072F18ABA20090CCA9 /* Menu BarsUITests */,
			);
			name = "Menu BarsUITests";
			packageProductDependencies = (
			);
			productName = "Menu BarsUITests";
			productReference = 7AC4E0042F18ABA20090CCA9 /* Menu BarsUITests.xctest */;
			productType = "com.apple.product-type.bundle.ui-testing";
		};
/* End PBXNativeTarget section */

/* Begin PBXProject section */
		7AC4DFDC2F18ABA00090CCA9 /* Project object */ = {
			isa = PBXProject;
			attributes = {
				BuildIndependentTargetsInParallel = 1;
				LastSwiftUpdateCheck = 2620;
				LastUpgradeCheck = 2620;
				TargetAttributes = {
					7AC4DFE32F18ABA00090CCA9 = {
						CreatedOnToolsVersion = 26.2;
					};
					7AC4DFF92F18ABA20090CCA9 = {
						CreatedOnToolsVersion = 26.2;
						TestTargetID = 7AC4DFE32F18ABA00090CCA9;
					};
					7AC4E0032F18ABA20090CCA9 = {
						CreatedOnToolsVersion = 26.2;
						TestTargetID = 7AC4DFE32F18ABA00090CCA9;
					};
				};
			};
			buildConfigurationList = 7AC4DFDF2F18ABA00090CCA9 /* Build configuration list for PBXProject "Menu Bars" */;
			developmentRegion = en;
			hasScannedForEncodings = 0;
			knownRegions = (
				en,
				Base,
			);
			mainGroup = 7AC4DFDB2F18ABA00090CCA9;
			minimizedProjectReferenceProxies = 1;
			preferredProjectObjectVersion = 77;
			productRefGroup = 7AC4DFE52F18ABA00090CCA9 /* Products */;
			projectDirPath = "";
			projectRoot = "";
			targets = (
				7AC4DFE32F18ABA00090CCA9 /* Menu Bars */,
				7AC4DFF92F18ABA20090CCA9 /* Menu BarsTests */,
				7AC4E0032F18ABA20090CCA9 /* Menu BarsUITests */,
			);
		};
/* End PBXProject section */

/* Begin PBXResourcesBuildPhase section */
		7AC4DFE22F18ABA00090CCA9 /* Resources */ = {
			isa = PBXResourcesBuildPhase;
			buildActionMask = 2147483647;
			files = (
			);
			runOnlyForDeploymentPostprocessing = 0;
		};
		7AC4DFF82F18ABA20090CCA9 /* Resources */ = {
			isa = PBXResourcesBuildPhase;
			buildActionMask = 2147483647;
			files = (
			);
			runOnlyForDeploymentPostprocessing = 0;
		};
		7AC4E0022F18ABA20090CCA9 /* Resources */ = {
			isa = PBXResourcesBuildPhase;
			buildActionMask = 2147483647;
			files = (
			);
			runOnlyForDeploymentPostprocessing = 0;
		};
/* End PBXResourcesBuildPhase section */

/* Begin PBXSourcesBuildPhase section */
		7AC4DFE02F18ABA00090CCA9 /* Sources */ = {
			isa = PBXSourcesBuildPhase;
			buildActionMask = 2147483647;
			files = (
			);
			runOnlyForDeploymentPostprocessing = 0;
		};
		7AC4DFF62F18ABA20090CCA9 /* Sources */ = {
			isa = PBXSourcesBuildPhase;
			buildActionMask = 2147483647;
			files = (
			);
			runOnlyForDeploymentPostprocessing = 0;
		};
		7AC4E0002F18ABA20090CCA9 /* Sources */ = {
			isa = PBXSourcesBuildPhase;
			buildActionMask = 2147483647;
			files = (
			);
			runOnlyForDeploymentPostprocessing = 0;
		};
/* End PBXSourcesBuildPhase section */

/* Begin PBXTargetDependency section */
		7AC4DFFC2F18ABA20090CCA9 /* PBXTargetDependency */ = {
			isa = PBXTargetDependency;
			target = 7AC4DFE32F18ABA00090CCA9 /* Menu Bars */;
			targetProxy = 7AC4DFFB2F18ABA20090CCA9 /* PBXContainerItemProxy */;
		};
		7AC4E0062F18ABA20090CCA9 /* PBXTargetDependency */ = {
			isa = PBXTargetDependency;
			target = 7AC4DFE32F18ABA00090CCA9 /* Menu Bars */;
			targetProxy = 7AC4E0052F18ABA20090CCA9 /* PBXContainerItemProxy */;
		};
/* End PBXTargetDependency section */

/* Begin XCBuildConfiguration section */
		7AC4E00E2F18ABA20090CCA9 /* Debug */ = {
			isa = XCBuildConfiguration;
			buildSettings = {
				ASSETCATALOG_COMPILER_APPICON_NAME = AppIcon;
				ASSETCATALOG_COMPILER_GLOBAL_ACCENT_COLOR_NAME = AccentColor;
				CODE_SIGN_STYLE = Automatic;
				CURRENT_PROJECT_VERSION = 1;
				GENERATE_INFOPLIST_FILE = YES;
				INFOPLIST_FILE = "Menu Bars/Info.plist";
				INFOPLIST_KEY_UIApplicationSupportsIndirectInputEvents = YES;
				INFOPLIST_KEY_UILaunchStoryboardName = LaunchScreen;
				INFOPLIST_KEY_UIMainStoryboardFile = Main;
				INFOPLIST_KEY_UISupportedInterfaceOrientations_iPad = "UIInterfaceOrientationPortrait UIInterfaceOrientationPortraitUpsideDown UIInterfaceOrientationLandscapeLeft UIInterfaceOrientationLandscapeRight";
				INFOPLIST_KEY_UISupportedInterfaceOrientations_iPhone = "UIInterfaceOrientationPortrait UIInterfaceOrientationLandscapeLeft UIInterfaceOrientationLandscapeRight";
				LD_RUNPATH_SEARCH_PATHS = (
					"$(inherited)",
					"@executable_path/Frameworks",
				);
				MARKETING_VERSION = 1.0;
				PRODUCT_BUNDLE_IDENTIFIER = "HarshVirdi.Menu-Bars";
				PRODUCT_NAME = "$(TARGET_NAME)";
				STRING_CATALOG_GENERATE_SYMBOLS = YES;
				SWIFT_APPROACHABLE_CONCURRENCY = YES;
				SWIFT_DEFAULT_ACTOR_ISOLATION = MainActor;
				SWIFT_EMIT_LOC_STRINGS = YES;
				SWIFT_UPCOMING_FEATURE_MEMBER_IMPORT_VISIBILITY = YES;
				SWIFT_VERSION = 5.0;
				TARGETED_DEVICE_FAMILY = "1,2";
			};
			name = Debug;
		};
		7AC4E00F2F18ABA20090CCA9 /* Release */ = {
			isa = XCBuildConfiguration;
			buildSettings = {
				ASSETCATALOG_COMPILER_APPICON_NAME = AppIcon;
				ASSETCATALOG_COMPILER_GLOBAL_ACCENT_COLOR_NAME = AccentColor;
				CODE_SIGN_STYLE = Automatic;
				CURRENT_PROJECT_VERSION = 1;
				GENERATE_INFOPLIST_FILE = YES;
				INFOPLIST_FILE = "Menu Bars/Info.plist";
				INFOPLIST_KEY_UIApplicationSupportsIndirectInputEvents = YES;
				INFOPLIST_KEY_UILaunchStoryboardName = LaunchScreen;
				INFOPLIST_KEY_UIMainStoryboardFile = Main;
				INFOPLIST_KEY_UISupportedInterfaceOrientations_iPad = "UIInterfaceOrientationPortrait UIInterfaceOrientationPortraitUpsideDown UIInterfaceOrientationLandscapeLeft UIInterfaceOrientationLandscapeRight";
				INFOPLIST_KEY_UISupportedInterfaceOrientations_iPhone = "UIInterfaceOrientationPortrait UIInterfaceOrientationLandscapeLeft UIInterfaceOrientationLandscapeRight";
				LD_RUNPATH_SEARCH_PATHS = (
					"$(inherited)",
					"@executable_path/Frameworks",
				);
				MARKETING_VERSION = 1.0;
				PRODUCT_BUNDLE_IDENTIFIER = "HarshVirdi.Menu-Bars";
				PRODUCT_NAME = "$(TARGET_NAME)";
				STRING_CATALOG_GENERATE_SYMBOLS = YES;
				SWIFT_APPROACHABLE_CONCURRENCY = YES;
				SWIFT_DEFAULT_ACTOR_ISOLATION = MainActor;
				SWIFT_EMIT_LOC_STRINGS = YES;
				SWIFT_UPCOMING_FEATURE_MEMBER_IMPORT_VISIBILITY = YES;
				SWIFT_VERSION = 5.0;
				TARGETED_DEVICE_FAMILY = "1,2";
			};
			name = Release;
		};
		7AC4E0102F18ABA20090CCA9 /* Debug */ = {
			isa = XCBuildConfiguration;
			buildSettings = {
				ALWAYS_SEARCH_USER_PATHS = NO;
				ASSETCATALOG_COMPILER_GENERATE_SWIFT_ASSET_SYMBOL_EXTENSIONS = YES;
				CLANG_ANALYZER_NONNULL = YES;
				CLANG_ANALYZER_NUMBER_OBJECT_CONVERSION = YES_AGGRESSIVE;
				CLANG_CXX_LANGUAGE_STANDARD = "gnu++20";
				CLANG_ENABLE_MODULES = YES;
				CLANG_ENABLE_OBJC_ARC = YES;
				CLANG_ENABLE_OBJC_WEAK = YES;
				CLANG_WARN_BLOCK_CAPTURE_AUTORELEASING = YES;
				CLANG_WARN_BOOL_CONVERSION = YES;
				CLANG_WARN_COMMA = YES;
				CLANG_WARN_CONSTANT_CONVERSION = YES;
				CLANG_WARN_DEPRECATED_OBJC_IMPLEMENTATIONS = YES;
				CLANG_WARN_DIRECT_OBJC_ISA_USAGE = YES_ERROR;
				CLANG_WARN_DOCUMENTATION_COMMENTS = YES;
				CLANG_WARN_EMPTY_BODY = YES;
				CLANG_WARN_ENUM_CONVERSION = YES;
				CLANG_WARN_INFINITE_RECURSION = YES;
				CLANG_WARN_INT_CONVERSION = YES;
				CLANG_WARN_NON_LITERAL_NULL_CONVERSION = YES;
				CLANG_WARN_OBJC_IMPLICIT_RETAIN_SELF = YES;
				CLANG_WARN_OBJC_LITERAL_CONVERSION = YES;
				CLANG_WARN_OBJC_ROOT_CLASS = YES_ERROR;
				CLANG_WARN_QUOTED_INCLUDE_IN_FRAMEWORK_HEADER = YES;
				CLANG_WARN_RANGE_LOOP_ANALYSIS = YES;
				CLANG_WARN_STRICT_PROTOTYPES = YES;
				CLANG_WARN_SUSPICIOUS_MOVE = YES;
				CLANG_WARN_UNGUARDED_AVAILABILITY = YES_AGGRESSIVE;
				CLANG_WARN_UNREACHABLE_CODE = YES;
				CLANG_WARN__DUPLICATE_METHOD_MATCH = YES;
				COPY_PHASE_STRIP = NO;
				DEBUG_INFORMATION_FORMAT = dwarf;
				ENABLE_STRICT_OBJC_MSGSEND = YES;
				ENABLE_TESTABILITY = YES;
				ENABLE_USER_SCRIPT_SANDBOXING = YES;
				GCC_C_LANGUAGE_STANDARD = gnu17;
				GCC_DYNAMIC_NO_PIC = NO;
				GCC_NO_COMMON_BLOCKS = YES;
				GCC_OPTIMIZATION_LEVEL = 0;
				GCC_PREPROCESSOR_DEFINITIONS = (
					"DEBUG=1",
					"$(inherited)",
				);
				GCC_WARN_64_TO_32_BIT_CONVERSION = YES;
				GCC_WARN_ABOUT_RETURN_TYPE = YES_ERROR;
				GCC_WARN_UNDECLARED_SELECTOR = YES;
				GCC_WARN_UNINITIALIZED_AUTOS = YES_AGGRESSIVE;
				GCC_WARN_UNUSED_FUNCTION = YES;
				GCC_WARN_UNUSED_VARIABLE = YES;
				IPHONEOS_DEPLOYMENT_TARGET = 26.2;
				LOCALIZATION_PREFERS_STRING_CATALOGS = YES;
				MTL_ENABLE_DEBUG_INFO = INCLUDE_SOURCE;
				MTL_FAST_MATH = YES;
				ONLY_ACTIVE_ARCH = YES;
				SDKROOT = iphoneos;
				SWIFT_ACTIVE_COMPILATION_CONDITIONS = "DEBUG $(inherited)";
				SWIFT_OPTIMIZATION_LEVEL = "-Onone";
			};
			name = Debug;
		};
		7AC4E0112F18ABA20090CCA9 /* Release */ = {
			isa = XCBuildConfiguration;
			buildSettings = {
				ALWAYS_SEARCH_USER_PATHS = NO;
				ASSETCATALOG_COMPILER_GENERATE_SWIFT_ASSET_SYMBOL_EXTENSIONS = YES;
				CLANG_ANALYZER_NONNULL = YES;
				CLANG_ANALYZER_NUMBER_OBJECT_CONVERSION = YES_AGGRESSIVE;
				CLANG_CXX_LANGUAGE_STANDARD = "gnu++20";
				CLANG_ENABLE_MODULES = YES;
				CLANG_ENABLE_OBJC_ARC = YES;
				CLANG_ENABLE_OBJC_WEAK = YES;
				CLANG_WARN_BLOCK_CAPTURE_AUTORELEASING = YES;
				CLANG_WARN_BOOL_CONVERSION = YES;
				CLANG_WARN_COMMA = YES;
				CLANG_WARN_CONSTANT_CONVERSION = YES;
				CLANG_WARN_DEPRECATED_OBJC_IMPLEMENTATIONS = YES;
				CLANG_WARN_DIRECT_OBJC_ISA_USAGE = YES_ERROR;
				CLANG_WARN_DOCUMENTATION_COMMENTS = YES;
				CLANG_WARN_EMPTY_BODY = YES;
				CLANG_WARN_ENUM_CONVERSION = YES;
				CLANG_WARN_INFINITE_RECURSION = YES;
				CLANG_WARN_INT_CONVERSION = YES;
				CLANG_WARN_NON_LITERAL_NULL_CONVERSION = YES;
				CLANG_WARN_OBJC_IMPLICIT_RETAIN_SELF = YES;
				CLANG_WARN_OBJC_LITERAL_CONVERSION = YES;
				CLANG_WARN_OBJC_ROOT_CLASS = YES_ERROR;
				CLANG_WARN_QUOTED_INCLUDE_IN_FRAMEWORK_HEADER = YES;
				CLANG_WARN_RANGE_LOOP_ANALYSIS = YES;
				CLANG_WARN_STRICT_PROTOTYPES = YES;
				CLANG_WARN_SUSPICIOUS_MOVE = YES;
				CLANG_WARN_UNGUARDED_AVAILABILITY = YES_AGGRESSIVE;
				CLANG_WARN_UNREACHABLE_CODE = YES;
				CLANG_WARN__DUPLICATE_METHOD_MATCH = YES;
				COPY_PHASE_STRIP = NO;
				DEBUG_INFORMATION_FORMAT = "dwarf-with-dsym";
				ENABLE_NS_ASSERTIONS = NO;
				ENABLE_STRICT_OBJC_MSGSEND = YES;
				ENABLE_USER_SCRIPT_SANDBOXING = YES;
				GCC_C_LANGUAGE_STANDARD = gnu17;
				GCC_NO_COMMON_BLOCKS = YES;
				GCC_WARN_64_TO_32_BIT_CONVERSION = YES;
				GCC_WARN_ABOUT_RETURN_TYPE = YES_ERROR;
				GCC_WARN_UNDECLARED_SELECTOR = YES;
				GCC_WARN_UNINITIALIZED_AUTOS = YES_AGGRESSIVE;
				GCC_WARN_UNUSED_FUNCTION = YES;
				GCC_WARN_UNUSED_VARIABLE = YES;
				IPHONEOS_DEPLOYMENT_TARGET = 26.2;
				LOCALIZATION_PREFERS_STRING_CATALOGS = YES;
				MTL_ENABLE_DEBUG_INFO = NO;
				MTL_FAST_MATH = YES;
				SDKROOT = iphoneos;
				SWIFT_COMPILATION_MODE = wholemodule;
				VALIDATE_PRODUCT = YES;
			};
			name = Release;
		};
		7AC4E0132F18ABA20090CCA9 /* Debug */ = {
			isa = XCBuildConfiguration;
			buildSettings = {
				BUNDLE_LOADER = "$(TEST_HOST)";
				CODE_SIGN_STYLE = Automatic;
				CURRENT_PROJECT_VERSION = 1;
				GENERATE_INFOPLIST_FILE = YES;
				IPHONEOS_DEPLOYMENT_TARGET = 26.2;
				MARKETING_VERSION = 1.0;
				PRODUCT_BUNDLE_IDENTIFIER = "HarshVirdi.Menu-BarsTests";
				PRODUCT_NAME = "$(TARGET_NAME)";
				STRING_CATALOG_GENERATE_SYMBOLS = NO;
				SWIFT_APPROACHABLE_CONCURRENCY = YES;
				SWIFT_EMIT_LOC_STRINGS = NO;
				SWIFT_UPCOMING_FEATURE_MEMBER_IMPORT_VISIBILITY = YES;
				SWIFT_VERSION = 5.0;
				TARGETED_DEVICE_FAMILY = "1,2";
				TEST_HOST = "$(BUILT_PRODUCTS_DIR)/Menu Bars.app/$(BUNDLE_EXECUTABLE_FOLDER_PATH)/Menu Bars";
			};
			name = Debug;
		};
		7AC4E0142F18ABA20090CCA9 /* Release */ = {
			isa = XCBuildConfiguration;
			buildSettings = {
				BUNDLE_LOADER = "$(TEST_HOST)";
				CODE_SIGN_STYLE = Automatic;
				CURRENT_PROJECT_VERSION = 1;
				GENERATE_INFOPLIST_FILE = YES;
				IPHONEOS_DEPLOYMENT_TARGET = 26.2;
				MARKETING_VERSION = 1.0;
				PRODUCT_BUNDLE_IDENTIFIER = "HarshVirdi.Menu-BarsTests";
				PRODUCT_NAME = "$(TARGET_NAME)";
				STRING_CATALOG_GENERATE_SYMBOLS = NO;
				SWIFT_APPROACHABLE_CONCURRENCY = YES;
				SWIFT_EMIT_LOC_STRINGS = NO;
				SWIFT_UPCOMING_FEATURE_MEMBER_IMPORT_VISIBILITY = YES;
				SWIFT_VERSION = 5.0;
				TARGETED_DEVICE_FAMILY = "1,2";
				TEST_HOST = "$(BUILT_PRODUCTS_DIR)/Menu Bars.app/$(BUNDLE_EXECUTABLE_FOLDER_PATH)/Menu Bars";
			};
			name = Release;
		};
		7AC4E0162F18ABA20090CCA9 /* Debug */ = {
			isa = XCBuildConfiguration;
			buildSettings = {
				CODE_SIGN_STYLE = Automatic;
				CURRENT_PROJECT_VERSION = 1;
				GENERATE_INFOPLIST_FILE = YES;
				MARKETING_VERSION = 1.0;
				PRODUCT_BUNDLE_IDENTIFIER = "HarshVirdi.Menu-BarsUITests";
				PRODUCT_NAME = "$(TARGET_NAME)";
				STRING_CATALOG_GENERATE_SYMBOLS = NO;
				SWIFT_APPROACHABLE_CONCURRENCY = YES;
				SWIFT_EMIT_LOC_STRINGS = NO;
				SWIFT_UPCOMING_FEATURE_MEMBER_IMPORT_VISIBILITY = YES;
				SWIFT_VERSION = 5.0;
				TARGETED_DEVICE_FAMILY = "1,2";
				TEST_TARGET_NAME = "Menu Bars";
			};
			name = Debug;
		};
		7AC4E0172F18ABA20090CCA9 /* Release */ = {
			isa = XCBuildConfiguration;
			buildSettings = {
				CODE_SIGN_STYLE = Automatic;
				CURRENT_PROJECT_VERSION = 1;
				GENERATE_INFOPLIST_FILE = YES;
				MARKETING_VERSION = 1.0;
				PRODUCT_BUNDLE_IDENTIFIER = "HarshVirdi.Menu-BarsUITests";
				PRODUCT_NAME = "$(TARGET_NAME)";
				STRING_CATALOG_GENERATE_SYMBOLS = NO;
				SWIFT_APPROACHABLE_CONCURRENCY = YES;
				SWIFT_EMIT_LOC_STRINGS = NO;
				SWIFT_UPCOMING_FEATURE_MEMBER_IMPORT_VISIBILITY = YES;
				SWIFT_VERSION = 5.0;
				TARGETED_DEVICE_FAMILY = "1,2";
				TEST_TARGET_NAME = "Menu Bars";
			};
			name = Release;
		};
/* End XCBuildConfiguration section */

/* Begin XCConfigurationList section */
		7AC4DFDF2F18ABA00090CCA9 /* Build configuration list for PBXProject "Menu Bars" */ = {
			isa = XCConfigurationList;
			buildConfigurations = (
				7AC4E0102F18ABA20090CCA9 /* Debug */,
				7AC4E0112F18ABA20090CCA9 /* Release */,
			);
			defaultConfigurationIsVisible = 0;
			defaultConfigurationName = Release;
		};
		7AC4E00D2F18ABA20090CCA9 /* Build configuration list for PBXNativeTarget "Menu Bars" */ = {
			isa = XCConfigurationList;
			buildConfigurations = (
				7AC4E00E2F18ABA20090CCA9 /* Debug */,
				7AC4E00F2F18ABA20090CCA9 /* Release */,
			);
			defaultConfigurationIsVisible = 0;
			defaultConfigurationName = Release;
		};
		7AC4E0122F18ABA20090CCA9 /* Build configuration list for PBXNativeTarget "Menu BarsTests" */ = {
			isa = XCConfigurationList;
			buildConfigurations = (
				7AC4E0132F18ABA20090CCA9 /* Debug */,
				7AC4E0142F18ABA20090CCA9 /* Release */,
			);
			defaultConfigurationIsVisible = 0;
			defaultConfigurationName = Release;
		};
		7AC4E0152F18ABA20090CCA9 /* Build configuration list for PBXNativeTarget "Menu BarsUITests" */ = {
			isa = XCConfigurationList;
			buildConfigurations = (
				7AC4E0162F18ABA20090CCA9 /* Debug */,
				7AC4E0172F18ABA20090CCA9 /* Release */,
			);
			defaultConfigurationIsVisible = 0;
			defaultConfigurationName = Release;
		};
/* End XCConfigurationList section */
	};
	rootObject = 7AC4DFDC2F18ABA00090CCA9 /* Project object */;
}
